// !$*UTF8*$!
{
	archiveVersion = 1;
	classes = {
	};
	objectVersion = 56;
	objects = {

/* Begin PBXBuildFile section */
		F4A3B56429F58C6F009B86DB /* AppDelegate.swift in Sources */ = {isa = PBXBuildFile; fileRef = F4A3B56329F58C6F009B86DB /* AppDelegate.swift */; };
		F4A3B56629F58C6F009B86DB /* SceneDelegate.swift in Sources */ = {isa = PBXBuildFile; fileRef = F4A3B56529F58C6F009B86DB /* SceneDelegate.swift */; };
		F4A3B56829F58C6F009B86DB /* ViewController.swift in Sources */ = {isa = PBXBuildFile; fileRef = F4A3B56729F58C6F009B86DB /* ViewController.swift */; };
		F4A3B56B29F58C6F009B86DB /* Main.storyboard in Resources */ = {isa = PBXBuildFile; fileRef = F4A3B56929F58C6F009B86DB /* Main.storyboard */; };
		F4A3B56D29F58C70009B86DB /* Assets.xcassets in Resources */ = {isa = PBXBuildFile; fileRef = F4A3B56C29F58C70009B86DB /* Assets.xcassets */; };
		F4A3B57029F58C70009B86DB /* LaunchScreen.storyboard in Resources */ = {isa = PBXBuildFile; fileRef = F4A3B56E29F58C70009B86DB /* LaunchScreen.storyboard */; };
		F4A3B57B29F58C70009B86DB /* UdderTests.swift in Sources */ = {isa = PBXBuildFile; fileRef = F4A3B57A29F58C70009B86DB /* UdderTests.swift */; };
		F4A3B58529F58C70009B86DB /* UdderUITests.swift in Sources */ = {isa = PBXBuildFile; fileRef = F4A3B58429F58C70009B86DB /* UdderUITests.swift */; };
		F4A3B58729F58C70009B86DB /* UdderUITestsLaunchTests.swift in Sources */ = {isa = PBXBuildFile; fileRef = F4A3B58629F58C70009B86DB /* UdderUITestsLaunchTests.swift */; };
/* End PBXBuildFile section */

/* Begin PBXContainerItemProxy section */
		F4A3B57729F58C70009B86DB /* PBXContainerItemProxy */ = {
			isa = PBXContainerItemProxy;
			containerPortal = F4A3B55829F58C6F009B86DB /* Project object */;
			proxyType = 1;
			remoteGlobalIDString = F4A3B55F29F58C6F009B86DB;
			remoteInfo = Udder;
		};
		F4A3B58129F58C70009B86DB /* PBXContainerItemProxy */ = {
			isa = PBXContainerItemProxy;
			containerPortal = F4A3B55829F58C6F009B86DB /* Project object */;
			proxyType = 1;
			remoteGlobalIDString = F4A3B55F29F58C6F009B86DB;
			remoteInfo = Udder;
		};
/* End PBXContainerItemProxy section */

/* Begin PBXFileReference section */
		F4A3B56029F58C6F009B86DB /* Udder.app */ = {isa = PBXFileReference; explicitFileType = wrapper.application; includeInIndex = 0; path = Udder.app; sourceTree = BUILT_PRODUCTS_DIR; };
		F4A3B56329F58C6F009B86DB /* AppDelegate.swift */ = {isa = PBXFileReference; lastKnownFileType = sourcecode.swift; path = AppDelegate.swift; sourceTree = "<group>"; };
		F4A3B56529F58C6F009B86DB /* SceneDelegate.swift */ = {isa = PBXFileReference; lastKnownFileType = sourcecode.swift; path = SceneDelegate.swift; sourceTree = "<group>"; };
		F4A3B56729F58C6F009B86DB /* ViewController.swift */ = {isa = PBXFileReference; lastKnownFileType = sourcecode.swift; path = ViewController.swift; sourceTree = "<group>"; };
		F4A3B56A29F58C6F009B86DB /* Base */ = {isa = PBXFileReference; lastKnownFileType = file.storyboard; name = Base; path = Base.lproj/Main.storyboard; sourceTree = "<group>"; };
		F4A3B56C29F58C70009B86DB /* Assets.xcassets */ = {isa = PBXFileReference; lastKnownFileType = folder.assetcatalog; path = Assets.xcassets; sourceTree = "<group>"; };
		F4A3B56F29F58C70009B86DB /* Base */ = {isa = PBXFileReference; lastKnownFileType = file.storyboard; name = Base; path = Base.lproj/LaunchScreen.storyboard; sourceTree = "<group>"; };
		F4A3B57129F58C70009B86DB /* Info.plist */ = {isa = PBXFileReference; lastKnownFileType = text.plist.xml; path = Info.plist; sourceTree = "<group>"; };
		F4A3B57629F58C70009B86DB /* UdderTests.xctest */ = {isa = PBXFileReference; explicitFileType = wrapper.cfbundle; includeInIndex = 0; path = UdderTests.xctest; sourceTree = BUILT_PRODUCTS_DIR; };
		F4A3B57A29F58C70009B86DB /* UdderTests.swift */ = {isa = PBXFileReference; lastKnownFileType = sourcecode.swift; path = UdderTests.swift; sourceTree = "<group>"; };
		F4A3B58029F58C70009B86DB /* UdderUITests.xctest */ = {isa = PBXFileReference; explicitFileType = wrapper.cfbundle; includeInIndex = 0; path = UdderUITests.xctest; sourceTree = BUILT_PRODUCTS_DIR; };
		F4A3B58429F58C70009B86DB /* UdderUITests.swift */ = {isa = PBXFileReference; lastKnownFileType = sourcecode.swift; path = UdderUITests.swift; sourceTree = "<group>"; };
		F4A3B58629F58C70009B86DB /* UdderUITestsLaunchTests.swift */ = {isa = PBXFileReference; lastKnownFileType = sourcecode.swift; path = UdderUITestsLaunchTests.swift; sourceTree = "<group>"; };
/* End PBXFileReference section */

/* Begin PBXFrameworksBuildPhase section */
		F4A3B55D29F58C6F009B86DB /* Frameworks */ = {
			isa = PBXFrameworksBuildPhase;
			buildActionMask = 2147483647;
			files = (
			);
			runOnlyForDeploymentPostprocessing = 0;
		};
		F4A3B57329F58C70009B86DB /* Frameworks */ = {
			isa = PBXFrameworksBuildPhase;
			buildActionMask = 2147483647;
			files = (
			);
			runOnlyForDeploymentPostprocessing = 0;
		};
		F4A3B57D29F58C70009B86DB /* Frameworks */ = {
			isa = PBXFrameworksBuildPhase;
			buildActionMask = 2147483647;
			files = (
			);
			runOnlyForDeploymentPostprocessing = 0;
		};
/* End PBXFrameworksBuildPhase section */

/* Begin PBXGroup section */
		F4A3B55729F58C6F009B86DB = {
			isa = PBXGroup;
			children = (
				F4A3B56229F58C6F009B86DB /* Udder */,
				F4A3B57929F58C70009B86DB /* UdderTests */,
				F4A3B58329F58C70009B86DB /* UdderUITests */,
				F4A3B56129F58C6F009B86DB /* Products */,
			);
			sourceTree = "<group>";
		};
		F4A3B56129F58C6F009B86DB /* Products */ = {
			isa = PBXGroup;
			children = (
				F4A3B56029F58C6F009B86DB /* Udder.app */,
				F4A3B57629F58C70009B86DB /* UdderTests.xctest */,
				F4A3B58029F58C70009B86DB /* UdderUITests.xctest */,
			);
			name = Products;
			sourceTree = "<group>";
		};
		F4A3B56229F58C6F009B86DB /* Udder */ = {
			isa = PBXGroup;
			children = (
				F4A3B56329F58C6F009B86DB /* AppDelegate.swift */,
				F4A3B56529F58C6F009B86DB /* SceneDelegate.swift */,
				F4A3B56729F58C6F009B86DB /* ViewController.swift */,
				F4A3B56929F58C6F009B86DB /* Main.storyboard */,
				F4A3B56C29F58C70009B86DB /* Assets.xcassets */,
				F4A3B56E29F58C70009B86DB /* LaunchScreen.storyboard */,
				F4A3B57129F58C70009B86DB /* Info.plist */,
			);
			path = Udder;
			sourceTree = "<group>";
		};
		F4A3B57929F58C70009B86DB /* UdderTests */ = {
			isa = PBXGroup;
			children = (
				F4A3B57A29F58C70009B86DB /* UdderTests.swift */,
			);
			path = UdderTests;
			sourceTree = "<group>";
		};
		F4A3B58329F58C70009B86DB /* UdderUITests */ = {
			isa = PBXGroup;
			children = (
				F4A3B58429F58C70009B86DB /* UdderUITests.swift */,
				F4A3B58629F58C70009B86DB /* UdderUITestsLaunchTests.swift */,
			);
			path = UdderUITests;
			sourceTree = "<group>";
		};
/* End PBXGroup section */

/* Begin PBXNativeTarget section */
		F4A3B55F29F58C6F009B86DB /* Udder */ = {
			isa = PBXNativeTarget;
			buildConfigurationList = F4A3B58A29F58C70009B86DB /* Build configuration list for PBXNativeTarget "Udder" */;
			buildPhases = (
				F4A3B55C29F58C6F009B86DB /* Sources */,
				F4A3B55D29F58C6F009B86DB /* Frameworks */,
				F4A3B55E29F58C6F009B86DB /* Resources */,
			);
			buildRules = (
			);
			dependencies = (
			);
			name = Udder;
			productName = Udder;
			productReference = F4A3B56029F58C6F009B86DB /* Udder.app */;
			productType = "com.apple.product-type.application";
		};
		F4A3B57529F58C70009B86DB /* UdderTests */ = {
			isa = PBXNativeTarget;
			buildConfigurationList = F4A3B58D29F58C70009B86DB /* Build configuration list for PBXNativeTarget "UdderTests" */;
			buildPhases = (
				F4A3B57229F58C70009B86DB /* Sources */,
				F4A3B57329F58C70009B86DB /* Frameworks */,
				F4A3B57429F58C70009B86DB /* Resources */,
			);
			buildRules = (
			);
			dependencies = (
				F4A3B57829F58C70009B86DB /* PBXTargetDependency */,
			);
			name = UdderTests;
			productName = UdderTests;
			productReference = F4A3B57629F58C70009B86DB /* UdderTests.xctest */;
			productType = "com.apple.product-type.bundle.unit-test";
		};
		F4A3B57F29F58C70009B86DB /* UdderUITests */ = {
			isa = PBXNativeTarget;
			buildConfigurationList = F4A3B59029F58C70009B86DB /* Build configuration list for PBXNativeTarget "UdderUITests" */;
			buildPhases = (
				F4A3B57C29F58C70009B86DB /* Sources */,
				F4A3B57D29F58C70009B86DB /* Frameworks */,
				F4A3B57E29F58C70009B86DB /* Resources */,
			);
			buildRules = (
			);
			dependencies = (
				F4A3B58229F58C70009B86DB /* PBXTargetDependency */,
			);
			name = UdderUITests;
			productName = UdderUITests;
			productReference = F4A3B58029F58C70009B86DB /* UdderUITests.xctest */;
			productType = "com.apple.product-type.bundle.ui-testing";
		};
/* End PBXNativeTarget section */

/* Begin PBXProject section */
		F4A3B55829F58C6F009B86DB /* Project object */ = {
			isa = PBXProject;
			attributes = {
				BuildIndependentTargetsInParallel = 1;
				LastSwiftUpdateCheck = 1430;
				LastUpgradeCheck = 1430;
				TargetAttributes = {
					F4A3B55F29F58C6F009B86DB = {
						CreatedOnToolsVersion = 14.3;
					};
					F4A3B57529F58C70009B86DB = {
						CreatedOnToolsVersion = 14.3;
						TestTargetID = F4A3B55F29F58C6F009B86DB;
					};
					F4A3B57F29F58C70009B86DB = {
						CreatedOnToolsVersion = 14.3;
						TestTargetID = F4A3B55F29F58C6F009B86DB;
					};
				};
			};
			buildConfigurationList = F4A3B55B29F58C6F009B86DB /* Build configuration list for PBXProject "Udder" */;
			compatibilityVersion = "Xcode 14.0";
			developmentRegion = en;
			hasScannedForEncodings = 0;
			knownRegions = (
				en,
				Base,
			);
			mainGroup = F4A3B55729F58C6F009B86DB;
			productRefGroup = F4A3B56129F58C6F009B86DB /* Products */;
			projectDirPath = "";
			projectRoot = "";
			targets = (
				F4A3B55F29F58C6F009B86DB /* Udder */,
				F4A3B57529F58C70009B86DB /* UdderTests */,
				F4A3B57F29F58C70009B86DB /* UdderUITests */,
			);
		};
/* End PBXProject section */

/* Begin PBXResourcesBuildPhase section */
		F4A3B55E29F58C6F009B86DB /* Resources */ = {
			isa = PBXResourcesBuildPhase;
			buildActionMask = 2147483647;
			files = (
				F4A3B57029F58C70009B86DB /* LaunchScreen.storyboard in Resources */,
				F4A3B56D29F58C70009B86DB /* Assets.xcassets in Resources */,
				F4A3B56B29F58C6F009B86DB /* Main.storyboard in Resources */,
			);
			runOnlyForDeploymentPostprocessing = 0;
		};
		F4A3B57429F58C70009B86DB /* Resources */ = {
			isa = PBXResourcesBuildPhase;
			buildActionMask = 2147483647;
			files = (
			);
			runOnlyForDeploymentPostprocessing = 0;
		};
		F4A3B57E29F58C70009B86DB /* Resources */ = {
			isa = PBXResourcesBuildPhase;
			buildActionMask = 2147483647;
			files = (
			);
			runOnlyForDeploymentPostprocessing = 0;
		};
/* End PBXResourcesBuildPhase section */

/* Begin PBXSourcesBuildPhase section */
		F4A3B55C29F58C6F009B86DB /* Sources */ = {
			isa = PBXSourcesBuildPhase;
			buildActionMask = 2147483647;
			files = (
				F4A3B56829F58C6F009B86DB /* ViewController.swift in Sources */,
				F4A3B56429F58C6F009B86DB /* AppDelegate.swift in Sources */,
				F4A3B56629F58C6F009B86DB /* SceneDelegate.swift in Sources */,
			);
			runOnlyForDeploymentPostprocessing = 0;
		};
		F4A3B57229F58C70009B86DB /* Sources */ = {
			isa = PBXSourcesBuildPhase;
			buildActionMask = 2147483647;
			files = (
				F4A3B57B29F58C70009B86DB /* UdderTests.swift in Sources */,
			);
			runOnlyForDeploymentPostprocessing = 0;
		};
		F4A3B57C29F58C70009B86DB /* Sources */ = {
			isa = PBXSourcesBuildPhase;
			buildActionMask = 2147483647;
			files = (
				F4A3B58529F58C70009B86DB /* UdderUITests.swift in Sources */,
				F4A3B58729F58C70009B86DB /* UdderUITestsLaunchTests.swift in Sources */,
			);
			runOnlyForDeploymentPostprocessing = 0;
		};
/* End PBXSourcesBuildPhase section */

/* Begin PBXTargetDependency section */
		F4A3B57829F58C70009B86DB /* PBXTargetDependency */ = {
			isa = PBXTargetDependency;
			target = F4A3B55F29F58C6F009B86DB /* Udder */;
			targetProxy = F4A3B57729F58C70009B86DB /* PBXContainerItemProxy */;
		};
		F4A3B58229F58C70009B86DB /* PBXTargetDependency */ = {
			isa = PBXTargetDependency;
			target = F4A3B55F29F58C6F009B86DB /* Udder */;
			targetProxy = F4A3B58129F58C70009B86DB /* PBXContainerItemProxy */;
		};
/* End PBXTargetDependency section */

/* Begin PBXVariantGroup section */
		F4A3B56929F58C6F009B86DB /* Main.storyboard */ = {
			isa = PBXVariantGroup;
			children = (
				F4A3B56A29F58C6F009B86DB /* Base */,
			);
			name = Main.storyboard;
			sourceTree = "<group>";
		};
		F4A3B56E29F58C70009B86DB /* LaunchScreen.storyboard */ = {
			isa = PBXVariantGroup;
			children = (
				F4A3B56F29F58C70009B86DB /* Base */,
			);
			name = LaunchScreen.storyboard;
			sourceTree = "<group>";
		};
/* End PBXVariantGroup section */

/* Begin XCBuildConfiguration section */
		F4A3B58829F58C70009B86DB /* Debug */ = {
			isa = XCBuildConfiguration;
			buildSettings = {
				ALWAYS_SEARCH_USER_PATHS = NO;
				CLANG_ANALYZER_NONNULL = YES;
				CLANG_ANALYZER_NUMBER_OBJECT_CONVERSION = YES_AGGRESSIVE;
				CLANG_CXX_LANGUAGE_STANDARD = "gnu++20";
				CLANG_ENABLE_MODULES = YES;
				CLANG_ENABLE_OBJC_ARC = YES;
				CLANG_ENABLE_OBJC_WEAK = YES;
				CLANG_WARN_BLOCK_CAPTURE_AUTORELEASING = YES;
				CLANG_WARN_BOOL_CONVERSION = YES;
				CLANG_WARN_COMMA = YES;
				CLANG_WARN_CONSTANT_CONVERSION = YES;
				CLANG_WARN_DEPRECATED_OBJC_IMPLEMENTATIONS = YES;
				CLANG_WARN_DIRECT_OBJC_ISA_USAGE = YES_ERROR;
				CLANG_WARN_DOCUMENTATION_COMMENTS = YES;
				CLANG_WARN_EMPTY_BODY = YES;
				CLANG_WARN_ENUM_CONVERSION = YES;
				CLANG_WARN_INFINITE_RECURSION = YES;
				CLANG_WARN_INT_CONVERSION = YES;
				CLANG_WARN_NON_LITERAL_NULL_CONVERSION = YES;
				CLANG_WARN_OBJC_IMPLICIT_RETAIN_SELF = YES;
				CLANG_WARN_OBJC_LITERAL_CONVERSION = YES;
				CLANG_WARN_OBJC_ROOT_CLASS = YES_ERROR;
				CLANG_WARN_QUOTED_INCLUDE_IN_FRAMEWORK_HEADER = YES;
				CLANG_WARN_RANGE_LOOP_ANALYSIS = YES;
				CLANG_WARN_STRICT_PROTOTYPES = YES;
				CLANG_WARN_SUSPICIOUS_MOVE = YES;
				CLANG_WARN_UNGUARDED_AVAILABILITY = YES_AGGRESSIVE;
				CLANG_WARN_UNREACHABLE_CODE = YES;
				CLANG_WARN__DUPLICATE_METHOD_MATCH = YES;
				COPY_PHASE_STRIP = NO;
				DEBUG_INFORMATION_FORMAT = dwarf;
				ENABLE_STRICT_OBJC_MSGSEND = YES;
				ENABLE_TESTABILITY = YES;
				GCC_C_LANGUAGE_STANDARD = gnu11;
				GCC_DYNAMIC_NO_PIC = NO;
				GCC_NO_COMMON_BLOCKS = YES;
				GCC_OPTIMIZATION_LEVEL = 0;
				GCC_PREPROCESSOR_DEFINITIONS = (
					"DEBUG=1",
					"$(inherited)",
				);
				GCC_WARN_64_TO_32_BIT_CONVERSION = YES;
				GCC_WARN_ABOUT_RETURN_TYPE = YES_ERROR;
				GCC_WARN_UNDECLARED_SELECTOR = YES;
				GCC_WARN_UNINITIALIZED_AUTOS = YES_AGGRESSIVE;
				GCC_WARN_UNUSED_FUNCTION = YES;
				GCC_WARN_UNUSED_VARIABLE = YES;
				IPHONEOS_DEPLOYMENT_TARGET = 16.4;
				MTL_ENABLE_DEBUG_INFO = INCLUDE_SOURCE;
				MTL_FAST_MATH = YES;
				ONLY_ACTIVE_ARCH = YES;
				SDKROOT = iphoneos;
				SWIFT_ACTIVE_COMPILATION_CONDITIONS = DEBUG;
				SWIFT_OPTIMIZATION_LEVEL = "-Onone";
			};
			name = Debug;
		};
		F4A3B58929F58C70009B86DB /* Release */ = {
			isa = XCBuildConfiguration;
			buildSettings = {
				ALWAYS_SEARCH_USER_PATHS = NO;
				CLANG_ANALYZER_NONNULL = YES;
				CLANG_ANALYZER_NUMBER_OBJECT_CONVERSION = YES_AGGRESSIVE;
				CLANG_CXX_LANGUAGE_STANDARD = "gnu++20";
				CLANG_ENABLE_MODULES = YES;
				CLANG_ENABLE_OBJC_ARC = YES;
				CLANG_ENABLE_OBJC_WEAK = YES;
				CLANG_WARN_BLOCK_CAPTURE_AUTORELEASING = YES;
				CLANG_WARN_BOOL_CONVERSION = YES;
				CLANG_WARN_COMMA = YES;
				CLANG_WARN_CONSTANT_CONVERSION = YES;
				CLANG_WARN_DEPRECATED_OBJC_IMPLEMENTATIONS = YES;
				CLANG_WARN_DIRECT_OBJC_ISA_USAGE = YES_ERROR;
				CLANG_WARN_DOCUMENTATION_COMMENTS = YES;
				CLANG_WARN_EMPTY_BODY = YES;
				CLANG_WARN_ENUM_CONVERSION = YES;
				CLANG_WARN_INFINITE_RECURSION = YES;
				CLANG_WARN_INT_CONVERSION = YES;
				CLANG_WARN_NON_LITERAL_NULL_CONVERSION = YES;
				CLANG_WARN_OBJC_IMPLICIT_RETAIN_SELF = YES;
				CLANG_WARN_OBJC_LITERAL_CONVERSION = YES;
				CLANG_WARN_OBJC_ROOT_CLASS = YES_ERROR;
				CLANG_WARN_QUOTED_INCLUDE_IN_FRAMEWORK_HEADER = YES;
				CLANG_WARN_RANGE_LOOP_ANALYSIS = YES;
				CLANG_WARN_STRICT_PROTOTYPES = YES;
				CLANG_WARN_SUSPICIOUS_MOVE = YES;
				CLANG_WARN_UNGUARDED_AVAILABILITY = YES_AGGRESSIVE;
				CLANG_WARN_UNREACHABLE_CODE = YES;
				CLANG_WARN__DUPLICATE_METHOD_MATCH = YES;
				COPY_PHASE_STRIP = NO;
				DEBUG_INFORMATION_FORMAT = "dwarf-with-dsym";
				ENABLE_NS_ASSERTIONS = NO;
				ENABLE_STRICT_OBJC_MSGSEND = YES;
				GCC_C_LANGUAGE_STANDARD = gnu11;
				GCC_NO_COMMON_BLOCKS = YES;
				GCC_WARN_64_TO_32_BIT_CONVERSION = YES;
				GCC_WARN_ABOUT_RETURN_TYPE = YES_ERROR;
				GCC_WARN_UNDECLARED_SELECTOR = YES;
				GCC_WARN_UNINITIALIZED_AUTOS = YES_AGGRESSIVE;
				GCC_WARN_UNUSED_FUNCTION = YES;
				GCC_WARN_UNUSED_VARIABLE = YES;
				IPHONEOS_DEPLOYMENT_TARGET = 16.4;
				MTL_ENABLE_DEBUG_INFO = NO;
				MTL_FAST_MATH = YES;
				SDKROOT = iphoneos;
				SWIFT_COMPILATION_MODE = wholemodule;
				SWIFT_OPTIMIZATION_LEVEL = "-O";
				VALIDATE_PRODUCT = YES;
			};
			name = Release;
		};
		F4A3B58B29F58C70009B86DB /* Debug */ = {
			isa = XCBuildConfiguration;
			buildSettings = {
				ASSETCATALOG_COMPILER_APPICON_NAME = AppIcon;
				ASSETCATALOG_COMPILER_GLOBAL_ACCENT_COLOR_NAME = AccentColor;
				CODE_SIGN_STYLE = Automatic;
				CURRENT_PROJECT_VERSION = 1;
				DEVELOPMENT_TEAM = H46F5Z8KW7;
				GENERATE_INFOPLIST_FILE = YES;
				INFOPLIST_FILE = Udder/Info.plist;
				INFOPLIST_KEY_UIApplicationSupportsIndirectInputEvents = YES;
				INFOPLIST_KEY_UILaunchStoryboardName = LaunchScreen;
				INFOPLIST_KEY_UIMainStoryboardFile = Main;
				INFOPLIST_KEY_UISupportedInterfaceOrientations_iPad = "UIInterfaceOrientationPortrait UIInterfaceOrientationPortraitUpsideDown UIInterfaceOrientationLandscapeLeft UIInterfaceOrientationLandscapeRight";
				INFOPLIST_KEY_UISupportedInterfaceOrientations_iPhone = "UIInterfaceOrientationPortrait UIInterfaceOrientationLandscapeLeft UIInterfaceOrientationLandscapeRight";
				LD_RUNPATH_SEARCH_PATHS = (
					"$(inherited)",
					"@executable_path/Frameworks",
				);
				MARKETING_VERSION = 1.0;
				PRODUCT_BUNDLE_IDENTIFIER = snigdha.Udder;
				PRODUCT_NAME = "$(TARGET_NAME)";
				SWIFT_EMIT_LOC_STRINGS = YES;
				SWIFT_VERSION = 5.0;
				TARGETED_DEVICE_FAMILY = "1,2";
			};
			name = Debug;
		};
		F4A3B58C29F58C70009B86DB /* Release */ = {
			isa = XCBuildConfiguration;
			buildSettings = {
				ASSETCATALOG_COMPILER_APPICON_NAME = AppIcon;
				ASSETCATALOG_COMPILER_GLOBAL_ACCENT_COLOR_NAME = AccentColor;
				CODE_SIGN_STYLE = Automatic;
				CURRENT_PROJECT_VERSION = 1;
				DEVELOPMENT_TEAM = H46F5Z8KW7;
				GENERATE_INFOPLIST_FILE = YES;
				INFOPLIST_FILE = Udder/Info.plist;
				INFOPLIST_KEY_UIApplicationSupportsIndirectInputEvents = YES;
				INFOPLIST_KEY_UILaunchStoryboardName = LaunchScreen;
				INFOPLIST_KEY_UIMainStoryboardFile = Main;
				INFOPLIST_KEY_UISupportedInterfaceOrientations_iPad = "UIInterfaceOrientationPortrait UIInterfaceOrientationPortraitUpsideDown UIInterfaceOrientationLandscapeLeft UIInterfaceOrientationLandscapeRight";
				INFOPLIST_KEY_UISupportedInterfaceOrientations_iPhone = "UIInterfaceOrientationPortrait UIInterfaceOrientationLandscapeLeft UIInterfaceOrientationLandscapeRight";
				LD_RUNPATH_SEARCH_PATHS = (
					"$(inherited)",
					"@executable_path/Frameworks",
				);
				MARKETING_VERSION = 1.0;
				PRODUCT_BUNDLE_IDENTIFIER = snigdha.Udder;
				PRODUCT_NAME = "$(TARGET_NAME)";
				SWIFT_EMIT_LOC_STRINGS = YES;
				SWIFT_VERSION = 5.0;
				TARGETED_DEVICE_FAMILY = "1,2";
			};
			name = Release;
		};
		F4A3B58E29F58C70009B86DB /* Debug */ = {
			isa = XCBuildConfiguration;
			buildSettings = {
				ALWAYS_EMBED_SWIFT_STANDARD_LIBRARIES = YES;
				BUNDLE_LOADER = "$(TEST_HOST)";
				CODE_SIGN_STYLE = Automatic;
				CURRENT_PROJECT_VERSION = 1;
				DEVELOPMENT_TEAM = H46F5Z8KW7;
				GENERATE_INFOPLIST_FILE = YES;
				IPHONEOS_DEPLOYMENT_TARGET = 16.4;
				MARKETING_VERSION = 1.0;
				PRODUCT_BUNDLE_IDENTIFIER = snigdha.UdderTests;
				PRODUCT_NAME = "$(TARGET_NAME)";
				SWIFT_EMIT_LOC_STRINGS = NO;
				SWIFT_VERSION = 5.0;
				TARGETED_DEVICE_FAMILY = "1,2";
				TEST_HOST = "$(BUILT_PRODUCTS_DIR)/Udder.app/$(BUNDLE_EXECUTABLE_FOLDER_PATH)/Udder";
			};
			name = Debug;
		};
		F4A3B58F29F58C70009B86DB /* Release */ = {
			isa = XCBuildConfiguration;
			buildSettings = {
				ALWAYS_EMBED_SWIFT_STANDARD_LIBRARIES = YES;
				BUNDLE_LOADER = "$(TEST_HOST)";
				CODE_SIGN_STYLE = Automatic;
				CURRENT_PROJECT_VERSION = 1;
				DEVELOPMENT_TEAM = H46F5Z8KW7;
				GENERATE_INFOPLIST_FILE = YES;
				IPHONEOS_DEPLOYMENT_TARGET = 16.4;
				MARKETING_VERSION = 1.0;
				PRODUCT_BUNDLE_IDENTIFIER = snigdha.UdderTests;
				PRODUCT_NAME = "$(TARGET_NAME)";
				SWIFT_EMIT_LOC_STRINGS = NO;
				SWIFT_VERSION = 5.0;
				TARGETED_DEVICE_FAMILY = "1,2";
				TEST_HOST = "$(BUILT_PRODUCTS_DIR)/Udder.app/$(BUNDLE_EXECUTABLE_FOLDER_PATH)/Udder";
			};
			name = Release;
		};
		F4A3B59129F58C70009B86DB /* Debug */ = {
			isa = XCBuildConfiguration;
			buildSettings = {
				ALWAYS_EMBED_SWIFT_STANDARD_LIBRARIES = YES;
				CODE_SIGN_STYLE = Automatic;
				CURRENT_PROJECT_VERSION = 1;
				DEVELOPMENT_TEAM = H46F5Z8KW7;
				GENERATE_INFOPLIST_FILE = YES;
				MARKETING_VERSION = 1.0;
				PRODUCT_BUNDLE_IDENTIFIER = snigdha.UdderUITests;
				PRODUCT_NAME = "$(TARGET_NAME)";
				SWIFT_EMIT_LOC_STRINGS = NO;
				SWIFT_VERSION = 5.0;
				TARGETED_DEVICE_FAMILY = "1,2";
				TEST_TARGET_NAME = Udder;
			};
			name = Debug;
		};
		F4A3B59229F58C70009B86DB /* Release */ = {
			isa = XCBuildConfiguration;
			buildSettings = {
				ALWAYS_EMBED_SWIFT_STANDARD_LIBRARIES = YES;
				CODE_SIGN_STYLE = Automatic;
				CURRENT_PROJECT_VERSION = 1;
				DEVELOPMENT_TEAM = H46F5Z8KW7;
				GENERATE_INFOPLIST_FILE = YES;
				MARKETING_VERSION = 1.0;
				PRODUCT_BUNDLE_IDENTIFIER = snigdha.UdderUITests;
				PRODUCT_NAME = "$(TARGET_NAME)";
				SWIFT_EMIT_LOC_STRINGS = NO;
				SWIFT_VERSION = 5.0;
				TARGETED_DEVICE_FAMILY = "1,2";
				TEST_TARGET_NAME = Udder;
			};
			name = Release;
		};
/* End XCBuildConfiguration section */

/* Begin XCConfigurationList section */
		F4A3B55B29F58C6F009B86DB /* Build configuration list for PBXProject "Udder" */ = {
			isa = XCConfigurationList;
			buildConfigurations = (
				F4A3B58829F58C70009B86DB /* Debug */,
				F4A3B58929F58C70009B86DB /* Release */,
			);
			defaultConfigurationIsVisible = 0;
			defaultConfigurationName = Release;
		};
		F4A3B58A29F58C70009B86DB /* Build configuration list for PBXNativeTarget "Udder" */ = {
			isa = XCConfigurationList;
			buildConfigurations = (
				F4A3B58B29F58C70009B86DB /* Debug */,
				F4A3B58C29F58C70009B86DB /* Release */,
			);
			defaultConfigurationIsVisible = 0;
			defaultConfigurationName = Release;
		};
		F4A3B58D29F58C70009B86DB /* Build configuration list for PBXNativeTarget "UdderTests" */ = {
			isa = XCConfigurationList;
			buildConfigurations = (
				F4A3B58E29F58C70009B86DB /* Debug */,
				F4A3B58F29F58C70009B86DB /* Release */,
			);
			defaultConfigurationIsVisible = 0;
			defaultConfigurationName = Release;
		};
		F4A3B59029F58C70009B86DB /* Build configuration list for PBXNativeTarget "UdderUITests" */ = {
			isa = XCConfigurationList;
			buildConfigurations = (
				F4A3B59129F58C70009B86DB /* Debug */,
				F4A3B59229F58C70009B86DB /* Release */,
			);
			defaultConfigurationIsVisible = 0;
			defaultConfigurationName = Release;
		};
/* End XCConfigurationList section */
	};
	rootObject = F4A3B55829F58C6F009B86DB /* Project object */;
}
